schema: '2.0'
stages:
  data_ingestion:
    cmd: python src/data_ingestion.py
    deps:
    - path: src/data_ingestion.py
      hash: md5
      md5: 3061212bbaafa8109f598a8f6a1cb96b
      size: 3484
    params:
      params.yaml:
        data_ingestion.test_size: 0.15
    outs:
    - path: data/raw
      hash: md5
      md5: a15ba66afdf82f8659b031b175286ed3.dir
      size: 484846
      nfiles: 2
  data_preprocessing:
    cmd: python src/data_preprocessing.py
    deps:
    - path: data/raw
      hash: md5
      md5: a15ba66afdf82f8659b031b175286ed3.dir
      size: 484846
      nfiles: 2
    - path: src/data_preprocessing.py
      hash: md5
      md5: ae0059b79590609927f72e3c373f1865
      size: 3973
    outs:
    - path: data/interim
      hash: md5
      md5: ee4712eb59fa7157dc1a87fd09dd4ca6.dir
      size: 259120
      nfiles: 2
  feature_engineering:
    cmd: python src/feature_engineering.py
    deps:
    - path: data/interim
      hash: md5
      md5: ee4712eb59fa7157dc1a87fd09dd4ca6.dir
      size: 259120
      nfiles: 2
    - path: src/feature_engineering.py
      hash: md5
      md5: b7c0f6366060053536db4c64a52c8d0c
      size: 3872
    params:
      params.yaml:
        feature_engineering.max_features: 40
    outs:
    - path: data/processed
      hash: md5
      md5: dc7c347b1343a9c1aa817f572480b141.dir
      size: 947800
      nfiles: 2
  model_building:
    cmd: python src/model_building.py
    deps:
    - path: data/processed
      hash: md5
      md5: dc7c347b1343a9c1aa817f572480b141.dir
      size: 947800
      nfiles: 2
    - path: src/model_building.py
      hash: md5
      md5: ade4e7d05a02e1f7ff7f9eb2552fdea6
      size: 4426
    params:
      params.yaml:
        model_building.n_estimators: 20
        model_building.random_state: 2
    outs:
    - path: models/model.pkl
      hash: md5
      md5: 1eea6234d3d63533aa6eec3f5fd83ef6
      size: 712182
  model_evaluation:
    cmd: python src/model_evaluation.py
    deps:
    - path: models/model.pkl
      hash: md5
      md5: 1eea6234d3d63533aa6eec3f5fd83ef6
      size: 712182
    - path: src/model_evaluation.py
      hash: md5
      md5: 2e32fc98dec68bb423b3b29d9842aede
      size: 3688
    outs:
    - path: reports/metrics.json
      hash: md5
      md5: a9de053d073742b1013e4da0652a0864
      size: 145
